
Microsoft Visual Studio Solution File, Format Version 12.00
# Visual Studio Version 16
VisualStudioVersion = 16.0.31729.503
MinimumVisualStudioVersion = 10.0.40219.1
Project("{FAE04EC0-301F-11D3-BF4B-00C04F79EFBC}") = "PCPartsAppAPI", "PCPartsAppAPI\PCPartsAppAPI.csproj", "{29F0AE8B-DFF2-4578-A733-B7484496C0BC}"
EndProject
Global
	GlobalSection(SolutionConfigurationPlatforms) = preSolution
		Debug|Any CPU = Debug|Any CPU
		Release|Any CPU = Release|Any CPU
	EndGlobalSection
	GlobalSection(ProjectConfigurationPlatforms) = postSolution
		{29F0AE8B-DFF2-4578-A733-B7484496C0BC}.Debug|Any CPU.ActiveCfg = Debug|Any CPU
		{29F0AE8B-DFF2-4578-A733-B7484496C0BC}.Debug|Any CPU.Build.0 = Debug|Any CPU
		{29F0AE8B-DFF2-4578-A733-B7484496C0BC}.Release|Any CPU.ActiveCfg = Release|Any CPU
		{29F0AE8B-DFF2-4578-A733-B7484496C0BC}.Release|Any CPU.Build.0 = Release|Any CPU
	EndGlobalSection
	GlobalSection(SolutionProperties) = preSolution
		HideSolutionNode = FALSE
	EndGlobalSection
	GlobalSection(ExtensibilityGlobals) = postSolution
		SolutionGuid = {00CC6AB3-9ADD-40E2-906F-AF95B06BAA2E}
	EndGlobalSection
EndGlobal
